
Microsoft Visual Studio Solution File, Format Version 12.00
# Visual Studio Version 16
VisualStudioVersion = 16.0.30114.105
MinimumVisualStudioVersion = 10.0.40219.1
Project("{FAE04EC0-301F-11D3-BF4B-00C04F79EFBC}") = "Rocky", "Rocky\Rocky.csproj", "{400D7F39-87A3-4C56-866B-9E955258236B}"
EndProject
Project("{FAE04EC0-301F-11D3-BF4B-00C04F79EFBC}") = "Rocky_Utility", "Rocky_Utility\Rocky_Utility.csproj", "{D18DCEBF-9064-4905-95FA-9CA9F1224216}"
EndProject
Global
	GlobalSection(SolutionConfigurationPlatforms) = preSolution
		Debug|Any CPU = Debug|Any CPU
		Release|Any CPU = Release|Any CPU
	EndGlobalSection
	GlobalSection(SolutionProperties) = preSolution
		HideSolutionNode = FALSE
	EndGlobalSection
	GlobalSection(ProjectConfigurationPlatforms) = postSolution
		{400D7F39-87A3-4C56-866B-9E955258236B}.Debug|Any CPU.ActiveCfg = Debug|Any CPU
		{400D7F39-87A3-4C56-866B-9E955258236B}.Debug|Any CPU.Build.0 = Debug|Any CPU
		{400D7F39-87A3-4C56-866B-9E955258236B}.Release|Any CPU.ActiveCfg = Release|Any CPU
		{400D7F39-87A3-4C56-866B-9E955258236B}.Release|Any CPU.Build.0 = Release|Any CPU
		{D18DCEBF-9064-4905-95FA-9CA9F1224216}.Debug|Any CPU.ActiveCfg = Debug|Any CPU
		{D18DCEBF-9064-4905-95FA-9CA9F1224216}.Debug|Any CPU.Build.0 = Debug|Any CPU
		{D18DCEBF-9064-4905-95FA-9CA9F1224216}.Release|Any CPU.ActiveCfg = Release|Any CPU
		{D18DCEBF-9064-4905-95FA-9CA9F1224216}.Release|Any CPU.Build.0 = Release|Any CPU
	EndGlobalSection
EndGlobal
